
Microsoft Visual Studio Solution File, Format Version 12.00
# Visual Studio Version 16
VisualStudioVersion = 16.0.30611.23
MinimumVisualStudioVersion = 10.0.40219.1
Project("{FAE04EC0-301F-11D3-BF4B-00C04F79EFBC}") = "CafeOtomasyon", "CafeOtomasyon\CafeOtomasyon.csproj", "{7D24B7AF-8E30-4C14-A1D5-5E3270A632D5}"
EndProject
Global
	GlobalSection(SolutionConfigurationPlatforms) = preSolution
		Debug|Any CPU = Debug|Any CPU
		Release|Any CPU = Release|Any CPU
	EndGlobalSection
	GlobalSection(ProjectConfigurationPlatforms) = postSolution
		{7D24B7AF-8E30-4C14-A1D5-5E3270A632D5}.Debug|Any CPU.ActiveCfg = Debug|Any CPU
		{7D24B7AF-8E30-4C14-A1D5-5E3270A632D5}.Debug|Any CPU.Build.0 = Debug|Any CPU
		{7D24B7AF-8E30-4C14-A1D5-5E3270A632D5}.Release|Any CPU.ActiveCfg = Release|Any CPU
		{7D24B7AF-8E30-4C14-A1D5-5E3270A632D5}.Release|Any CPU.Build.0 = Release|Any CPU
	EndGlobalSection
	GlobalSection(SolutionProperties) = preSolution
		HideSolutionNode = FALSE
	EndGlobalSection
	GlobalSection(ExtensibilityGlobals) = postSolution
		SolutionGuid = {BB445977-076E-4FFE-A693-9E1C4BF6BC28}
	EndGlobalSection
EndGlobal
